Microsoft Visual Studio Solution File, Format Version 12.00
# Visual Studio Version 17
VisualStudioVersion = 17.5.2.0
MinimumVisualStudioVersion = 10.0.40219.1
Project("{FAE04EC0-301F-11D3-BF4B-00C04F79EFBC}") = "auth-ws", "auth-ws\auth-ws.csproj", "{3108DC04-6C8B-B63C-EB02-0D3D77996C2C}"
EndProject
Global
	GlobalSection(SolutionConfigurationPlatforms) = preSolution
		Debug|Any CPU = Debug|Any CPU
		Release|Any CPU = Release|Any CPU
	EndGlobalSection
	GlobalSection(ProjectConfigurationPlatforms) = postSolution
		{3108DC04-6C8B-B63C-EB02-0D3D77996C2C}.Debug|Any CPU.ActiveCfg = Debug|Any CPU
		{3108DC04-6C8B-B63C-EB02-0D3D77996C2C}.Debug|Any CPU.Build.0 = Debug|Any CPU
		{3108DC04-6C8B-B63C-EB02-0D3D77996C2C}.Release|Any CPU.ActiveCfg = Release|Any CPU
		{3108DC04-6C8B-B63C-EB02-0D3D77996C2C}.Release|Any CPU.Build.0 = Release|Any CPU
	EndGlobalSection
	GlobalSection(SolutionProperties) = preSolution
		HideSolutionNode = FALSE
	EndGlobalSection
	GlobalSection(ExtensibilityGlobals) = postSolution
		SolutionGuid = {CBE52F9E-9D6B-416F-8C8A-EAEA5D2DDD0E}
	EndGlobalSection
EndGlobal
